{
  "requires": true,
  "lockfileVersion": 1,
  "dependencies": {
    "after-all-results": {
      "version": "2.0.0",
      "resolved": "https://registry.npmjs.org/after-all-results/-/after-all-results-2.0.0.tgz",
      "integrity": "sha1-asL8ICtQD4jaj09VMM+hAPTGotA="
    },
    "async-cache": {
      "version": "1.1.0",
      "resolved": "https://registry.npmjs.org/async-cache/-/async-cache-1.1.0.tgz",
      "integrity": "sha1-SppaidBl7F2OUlS9nulrp2xTK1o=",
      "requires": {
        "lru-cache": "4.1.3"
      }
    },
    "async-value": {
      "version": "1.2.2",
      "resolved": "https://registry.npmjs.org/async-value/-/async-value-1.2.2.tgz",
      "integrity": "sha1-hFF6Hny2saW14YH6Mb4QQ3t/sSU="
    },
    "async-value-promise": {
      "version": "1.1.1",
      "resolved": "https://registry.npmjs.org/async-value-promise/-/async-value-promise-1.1.1.tgz",
      "integrity": "sha512-c2RFDKjJle1rHa0YxN9Ysu97/QBu3Wa+NOejJxsX+1qVDJrkD3JL/GN1B3gaILAEXJXbu/4Z1lcoCHFESe/APA==",
      "requires": {
        "async-value": "1.2.2"
      }
    },
    "console-log-level": {
      "version": "1.4.0",
      "resolved": "https://registry.npmjs.org/console-log-level/-/console-log-level-1.4.0.tgz",
      "integrity": "sha1-QDWBi+6jflhQoMA8jUUMpfLNEhc="
    },
    "cookie": {
      "version": "0.3.1",
      "resolved": "https://registry.npmjs.org/cookie/-/cookie-0.3.1.tgz",
      "integrity": "sha1-5+Ch+e9DtMi6klxcWpboBtFoc7s="
    },
    "core-util-is": {
      "version": "1.0.2",
      "resolved": "https://registry.npmjs.org/core-util-is/-/core-util-is-1.0.2.tgz",
      "integrity": "sha1-tf1UIgqivFq1eqtxQMlAdUUDwac="
    },
    "debug": {
      "version": "2.6.9",
      "resolved": "https://registry.npmjs.org/debug/-/debug-2.6.9.tgz",
      "integrity": "sha512-bC7ElrdJaJnPbAP+1EotYvqZsb3ecl5wi6Bfi6BJTUcNowp6cvspg0jXznRTKDjm/E7AdgFBVeAPVMNcKGsHMA==",
      "requires": {
        "ms": "2.0.0"
      }
    },
    "elastic-apm-http-client": {
      "version": "5.2.1",
      "resolved": "https://registry.npmjs.org/elastic-apm-http-client/-/elastic-apm-http-client-5.2.1.tgz",
      "integrity": "sha512-vNmJtioNxFnXQ3/ETLxZpPnKqgfxioQcQGkRtJuOvAHycHZ3okduPLgAQlK9hxAEmE3/F5MbYx2gIKHxScvr3Q==",
      "requires": {
        "fast-safe-stringify": "2.0.4"
      }
    },
    "elastic-apm-node": {
      "version": "1.6.0",
      "resolved": "https://registry.npmjs.org/elastic-apm-node/-/elastic-apm-node-1.6.0.tgz",
      "integrity": "sha512-yGU6PQiLGO06Ob2H5astAjsZDpKAwbFdDOKx9w5jtFHRDo6CvZKJ2xvNBfyiHwOO0raZ4RP8QGF9tAiONocovQ==",
      "requires": {
        "after-all-results": "2.0.0",
        "async-value-promise": "1.1.1",
        "console-log-level": "1.4.0",
        "cookie": "0.3.1",
        "core-util-is": "1.0.2",
        "elastic-apm-http-client": "5.2.1",
        "end-of-stream": "1.4.1",
        "fast-safe-stringify": "2.0.4",
        "http-headers": "3.0.2",
        "is-native": "1.0.1",
        "normalize-bool": "1.0.0",
        "original-url": "1.2.1",
        "redact-secrets": "1.0.0",
        "require-ancestors": "1.0.0",
        "require-in-the-middle": "2.2.1",
        "semver": "5.5.0",
        "sql-summary": "1.0.0",
        "stackman": "3.0.2",
        "unicode-byte-truncate": "1.0.0",
        "uuid": "3.2.1"
      }
    },
    "end-of-stream": {
      "version": "1.4.1",
      "resolved": "https://registry.npmjs.org/end-of-stream/-/end-of-stream-1.4.1.tgz",
      "integrity": "sha512-1MkrZNvWTKCaigbn+W15elq2BB/L22nqrSY5DKlo3X6+vclJm8Bb5djXJBmEX6fS3+zCh/F4VBK5Z2KxJt4s2Q==",
      "requires": {
        "once": "1.4.0"
      }
    },
    "error-callsites": {
      "version": "1.0.1",
      "resolved": "https://registry.npmjs.org/error-callsites/-/error-callsites-1.0.1.tgz",
      "integrity": "sha1-QoYWmt+PwSSC9VYRFyTFrthzppI="
    },
    "fast-safe-stringify": {
      "version": "2.0.4",
      "resolved": "https://registry.npmjs.org/fast-safe-stringify/-/fast-safe-stringify-2.0.4.tgz",
      "integrity": "sha512-mNlGUdKOeGNleyrmgbKYtbnCr9KZkZXU7eM89JRo8vY10f7Ul1Fbj07hUBW3N4fC0xM+fmfFfa2zM7mIizhpNQ=="
    },
    "forwarded-parse": {
      "version": "2.1.0",
      "resolved": "https://registry.npmjs.org/forwarded-parse/-/forwarded-parse-2.1.0.tgz",
      "integrity": "sha512-as9a7Xelt0CvdUy7/qxrY73dZq2vMx49F556fwjjFrUyzq5uHHfeLgD2cCq/6P4ZvusGZzjD6aL2NdgGdS5Cew=="
    },
    "http-headers": {
      "version": "3.0.2",
      "resolved": "https://registry.npmjs.org/http-headers/-/http-headers-3.0.2.tgz",
      "integrity": "sha512-87E1I+2Wg4dxxz4rcxElo3dxO/w1ZtgL1yA0Sb6vH3qU16vRKq1NjWQv9SCY3ly2OQROcoxHZOUpmelS+k6wOw==",
      "requires": {
        "next-line": "1.1.0"
      }
    },
    "in-publish": {
      "version": "2.0.0",
      "resolved": "https://registry.npmjs.org/in-publish/-/in-publish-2.0.0.tgz",
      "integrity": "sha1-4g/146KvwmkDILbcVSaCqcf631E="
    },
    "is-finite": {
      "version": "1.0.2",
      "resolved": "https://registry.npmjs.org/is-finite/-/is-finite-1.0.2.tgz",
      "integrity": "sha1-zGZ3aVYCvlUO8R6LSqYwU0K20Ko=",
      "requires": {
        "number-is-nan": "1.0.1"
      }
    },
    "is-integer": {
      "version": "1.0.7",
      "resolved": "https://registry.npmjs.org/is-integer/-/is-integer-1.0.7.tgz",
      "integrity": "sha1-a96Bqs3feLZZtmKdYpytxRqIbVw=",
      "requires": {
        "is-finite": "1.0.2"
      }
    },
    "is-native": {
      "version": "1.0.1",
      "resolved": "https://registry.npmjs.org/is-native/-/is-native-1.0.1.tgz",
      "integrity": "sha1-zRjMFi6EUNaDtbq+eayZwUVElnU=",
      "requires": {
        "is-nil": "1.0.1",
        "to-source-code": "1.0.2"
      }
    },
    "is-nil": {
      "version": "1.0.1",
      "resolved": "https://registry.npmjs.org/is-nil/-/is-nil-1.0.1.tgz",
      "integrity": "sha1-LauingtYUGOHXntTnQcfWxWTeWk="
    },
    "is-secret": {
      "version": "1.1.1",
      "resolved": "https://registry.npmjs.org/is-secret/-/is-secret-1.1.1.tgz",
      "integrity": "sha1-KYig6bOU41YM1IBAbWHKz9dPH/k="
    },
    "load-source-map": {
      "version": "1.0.0",
      "resolved": "https://registry.npmjs.org/load-source-map/-/load-source-map-1.0.0.tgz",
      "integrity": "sha1-MY9JkFzopwnft8w/FvPv47zx3QU=",
      "requires": {
        "in-publish": "2.0.0",
        "semver": "5.5.0",
        "source-map": "0.5.7"
      }
    },
    "lru-cache": {
      "version": "4.1.3",
      "resolved": "https://registry.npmjs.org/lru-cache/-/lru-cache-4.1.3.tgz",
      "integrity": "sha512-fFEhvcgzuIoJVUF8fYr5KR0YqxD238zgObTps31YdADwPPAp82a4M8TrckkWyx7ekNlf9aBcVn81cFwwXngrJA==",
      "requires": {
        "pseudomap": "1.0.2",
        "yallist": "2.1.2"
      }
    },
    "module-details-from-path": {
      "version": "1.0.3",
      "resolved": "https://registry.npmjs.org/module-details-from-path/-/module-details-from-path-1.0.3.tgz",
      "integrity": "sha1-EUyUlnPiqKNenTV4hSeqN7Z52is="
    },
    "ms": {
      "version": "2.0.0",
      "resolved": "https://registry.npmjs.org/ms/-/ms-2.0.0.tgz",
      "integrity": "sha1-VgiurfwAvmwpAd9fmGF4jeDVl8g="
    },
    "next-line": {
      "version": "1.1.0",
      "resolved": "https://registry.npmjs.org/next-line/-/next-line-1.1.0.tgz",
      "integrity": "sha1-/K5XhTBStqm66CCOQN19PC0wRgM="
    },
    "normalize-bool": {
      "version": "1.0.0",
      "resolved": "https://registry.npmjs.org/normalize-bool/-/normalize-bool-1.0.0.tgz",
      "integrity": "sha1-RqVx7ZPqWrM3IfrM/FpZuGiQ2Fg="
    },
    "number-is-nan": {
      "version": "1.0.1",
      "resolved": "https://registry.npmjs.org/number-is-nan/-/number-is-nan-1.0.1.tgz",
      "integrity": "sha1-CXtgK1NCKlIsGvuHkDGDNpQaAR0="
    },
    "once": {
      "version": "1.4.0",
      "resolved": "https://registry.npmjs.org/once/-/once-1.4.0.tgz",
      "integrity": "sha1-WDsap3WWHUsROsF9nFC6753Xa9E=",
      "requires": {
        "wrappy": "1.0.2"
      }
    },
    "original-url": {
      "version": "1.2.1",
      "resolved": "https://registry.npmjs.org/original-url/-/original-url-1.2.1.tgz",
      "integrity": "sha512-JpGqpwOsstWtxJW1kf1yTL8+vPfgrEHmhRQS/Gx/Bd0sdZVj15ZrN5RZAiicTFZsvgHwbTRb7a7KXPdfzmWT5g==",
      "requires": {
        "forwarded-parse": "2.1.0"
      }
    },
    "path-is-absolute": {
      "version": "1.0.1",
      "resolved": "https://registry.npmjs.org/path-is-absolute/-/path-is-absolute-1.0.1.tgz",
      "integrity": "sha1-F0uSaHNVNP+8es5r9TpanhtcX18="
    },
    "path-parse": {
      "version": "1.0.5",
      "resolved": "https://registry.npmjs.org/path-parse/-/path-parse-1.0.5.tgz",
      "integrity": "sha1-PBrfhx6pzWyUMbbqK9dKD/BVxME="
    },
    "pseudomap": {
      "version": "1.0.2",
      "resolved": "https://registry.npmjs.org/pseudomap/-/pseudomap-1.0.2.tgz",
      "integrity": "sha1-8FKijacOYYkX7wqKw0wa5aaChrM="
    },
    "redact-secrets": {
      "version": "1.0.0",
      "resolved": "https://registry.npmjs.org/redact-secrets/-/redact-secrets-1.0.0.tgz",
      "integrity": "sha1-YPHbVpJP6QogO6jMs5KDzbsNkHw=",
      "requires": {
        "is-secret": "1.1.1",
        "traverse": "0.6.6"
      }
    },
    "require-ancestors": {
      "version": "1.0.0",
      "resolved": "https://registry.npmjs.org/require-ancestors/-/require-ancestors-1.0.0.tgz",
      "integrity": "sha512-Nqeo9Gfp0KvnxTixnxLGEbThMAi+YYgnwRoigtOs1Oo3eGBYfqCd3dagq1vBCVVuc1EnIt3Eu1eGemwOOEZozw=="
    },
    "require-in-the-middle": {
      "version": "2.2.1",
      "resolved": "https://registry.npmjs.org/require-in-the-middle/-/require-in-the-middle-2.2.1.tgz",
      "integrity": "sha512-uYi3hbukpYNEHPYSLKVmBvhvxInqwA1/BzNh6qBYPrHVvFbXFXDBtAkNKpJhHVxymnTREP8y4YJ8E0RpzYxv2g==",
      "requires": {
        "module-details-from-path": "1.0.3",
        "resolve": "1.7.1"
      }
    },
    "resolve": {
      "version": "1.7.1",
      "resolved": "https://registry.npmjs.org/resolve/-/resolve-1.7.1.tgz",
      "integrity": "sha512-c7rwLofp8g1U+h1KNyHL/jicrKg1Ek4q+Lr33AL65uZTinUZHe30D5HlyN5V9NW0JX1D5dXQ4jqW5l7Sy/kGfw==",
      "requires": {
        "path-parse": "1.0.5"
      }
    },
    "semver": {
      "version": "5.5.0",
      "resolved": "https://registry.npmjs.org/semver/-/semver-5.5.0.tgz",
      "integrity": "sha512-4SJ3dm0WAwWy/NVeioZh5AntkdJoWKxHxcmyP622fOkgHa4z3R0TdBJICINyaSDE6uNwVc8gZr+ZinwZAH4xIA=="
    },
    "source-map": {
      "version": "0.5.7",
      "resolved": "https://registry.npmjs.org/source-map/-/source-map-0.5.7.tgz",
      "integrity": "sha1-igOdLRAh0i0eoUyA2OpGi6LvP8w="
    },
    "sql-summary": {
      "version": "1.0.0",
      "resolved": "https://registry.npmjs.org/sql-summary/-/sql-summary-1.0.0.tgz",
      "integrity": "sha1-OeOlHY2F5Gc5g2/H1n0GVLFzo58="
    },
    "stackman": {
      "version": "3.0.2",
      "resolved": "https://registry.npmjs.org/stackman/-/stackman-3.0.2.tgz",
      "integrity": "sha512-DZ9bB3fZhcYkFnPgEop7o3MKX8rGBXcasWeUIPB5kpD7bbVx2nSvU3+E8bX8bFEd/JHEmcqU+eu8oaOqO69YsQ==",
      "requires": {
        "after-all-results": "2.0.0",
        "async-cache": "1.1.0",
        "debug": "2.6.9",
        "error-callsites": "1.0.1",
        "load-source-map": "1.0.0",
        "path-is-absolute": "1.0.1"
      }
    },
    "to-source-code": {
      "version": "1.0.2",
      "resolved": "https://registry.npmjs.org/to-source-code/-/to-source-code-1.0.2.tgz",
      "integrity": "sha1-3RNr2x4dvYC76s8IiZJnjpBwv+o=",
      "requires": {
        "is-nil": "1.0.1"
      }
    },
    "traverse": {
      "version": "0.6.6",
      "resolved": "https://registry.npmjs.org/traverse/-/traverse-0.6.6.tgz",
      "integrity": "sha1-y99WD9e5r2MlAv7UD5GMFX6pcTc="
    },
    "unicode-byte-truncate": {
      "version": "1.0.0",
      "resolved": "https://registry.npmjs.org/unicode-byte-truncate/-/unicode-byte-truncate-1.0.0.tgz",
      "integrity": "sha1-qm8PNHUZP+IMMgrJIT425i6HZKc=",
      "requires": {
        "is-integer": "1.0.7",
        "unicode-substring": "0.1.0"
      }
    },
    "unicode-substring": {
      "version": "0.1.0",
      "resolved": "https://registry.npmjs.org/unicode-substring/-/unicode-substring-0.1.0.tgz",
      "integrity": "sha1-YSDOPDkDhdvND2DDK5BlxBgdSzY="
    },
    "uuid": {
      "version": "3.2.1",
      "resolved": "https://registry.npmjs.org/uuid/-/uuid-3.2.1.tgz",
      "integrity": "sha512-jZnMwlb9Iku/O3smGWvZhauCf6cvvpKi4BKRiliS3cxnI+Gz9j5MEpTz2UFuXiKPJocb7gnsLHwiS05ige5BEA=="
    },
    "wrappy": {
      "version": "1.0.2",
      "resolved": "https://registry.npmjs.org/wrappy/-/wrappy-1.0.2.tgz",
      "integrity": "sha1-tSQ9jz7BqjXxNkYFvA0QNuMKtp8="
    },
    "yallist": {
      "version": "2.1.2",
      "resolved": "https://registry.npmjs.org/yallist/-/yallist-2.1.2.tgz",
      "integrity": "sha1-HBH5IY8HYImkfdUS+TxmmaaoHVI="
    }
  }
}
